
Microsoft Visual Studio Solution File, Format Version 12.00
# Visual Studio 15
VisualStudioVersion = 15.0.27428.2015
MinimumVisualStudioVersion = 10.0.40219.1
Project("{FAE04EC0-301F-11D3-BF4B-00C04F79EFBC}") = "PokerHand", "PokerHand\PokerHand.csproj", "{9F31399D-387F-4DA4-86FF-5B2D35AAFAE7}"
EndProject
Global
	GlobalSection(SolutionConfigurationPlatforms) = preSolution
		Debug|Any CPU = Debug|Any CPU
		Release|Any CPU = Release|Any CPU
	EndGlobalSection
	GlobalSection(ProjectConfigurationPlatforms) = postSolution
		{9F31399D-387F-4DA4-86FF-5B2D35AAFAE7}.Debug|Any CPU.ActiveCfg = Debug|Any CPU
		{9F31399D-387F-4DA4-86FF-5B2D35AAFAE7}.Debug|Any CPU.Build.0 = Debug|Any CPU
		{9F31399D-387F-4DA4-86FF-5B2D35AAFAE7}.Release|Any CPU.ActiveCfg = Release|Any CPU
		{9F31399D-387F-4DA4-86FF-5B2D35AAFAE7}.Release|Any CPU.Build.0 = Release|Any CPU
	EndGlobalSection
	GlobalSection(SolutionProperties) = preSolution
		HideSolutionNode = FALSE
	EndGlobalSection
	GlobalSection(ExtensibilityGlobals) = postSolution
		SolutionGuid = {433DA9D6-6B63-45F5-B9CF-080B2C2A007D}
	EndGlobalSection
EndGlobal
